
Microsoft Visual Studio Solution File, Format Version 12.00
# Visual Studio 15
VisualStudioVersion = 15.0.26124.0
MinimumVisualStudioVersion = 15.0.26124.0
Project("{2150E333-8FDC-42A3-9474-1A3956D46DE8}") = "src", "src", "{EA580066-E2B0-4D16-B97A-F1C97AFB2B9A}"
EndProject
Project("{F2A71F9B-5D33-465A-A702-920D77279786}") = "Tatooine", "src\Tatooine\Tatooine.fsproj", "{FE7AE3CE-A84D-447B-8143-ED9C7F93C508}"
EndProject
Global
	GlobalSection(SolutionConfigurationPlatforms) = preSolution
		Debug|Any CPU = Debug|Any CPU
		Debug|x64 = Debug|x64
		Debug|x86 = Debug|x86
		Release|Any CPU = Release|Any CPU
		Release|x64 = Release|x64
		Release|x86 = Release|x86
	EndGlobalSection
	GlobalSection(SolutionProperties) = preSolution
		HideSolutionNode = FALSE
	EndGlobalSection
	GlobalSection(ProjectConfigurationPlatforms) = postSolution
		{FE7AE3CE-A84D-447B-8143-ED9C7F93C508}.Debug|Any CPU.ActiveCfg = Debug|Any CPU
		{FE7AE3CE-A84D-447B-8143-ED9C7F93C508}.Debug|Any CPU.Build.0 = Debug|Any CPU
		{FE7AE3CE-A84D-447B-8143-ED9C7F93C508}.Debug|x64.ActiveCfg = Debug|Any CPU
		{FE7AE3CE-A84D-447B-8143-ED9C7F93C508}.Debug|x64.Build.0 = Debug|Any CPU
		{FE7AE3CE-A84D-447B-8143-ED9C7F93C508}.Debug|x86.ActiveCfg = Debug|Any CPU
		{FE7AE3CE-A84D-447B-8143-ED9C7F93C508}.Debug|x86.Build.0 = Debug|Any CPU
		{FE7AE3CE-A84D-447B-8143-ED9C7F93C508}.Release|Any CPU.ActiveCfg = Release|Any CPU
		{FE7AE3CE-A84D-447B-8143-ED9C7F93C508}.Release|Any CPU.Build.0 = Release|Any CPU
		{FE7AE3CE-A84D-447B-8143-ED9C7F93C508}.Release|x64.ActiveCfg = Release|Any CPU
		{FE7AE3CE-A84D-447B-8143-ED9C7F93C508}.Release|x64.Build.0 = Release|Any CPU
		{FE7AE3CE-A84D-447B-8143-ED9C7F93C508}.Release|x86.ActiveCfg = Release|Any CPU
		{FE7AE3CE-A84D-447B-8143-ED9C7F93C508}.Release|x86.Build.0 = Release|Any CPU
	EndGlobalSection
	GlobalSection(NestedProjects) = preSolution
		{FE7AE3CE-A84D-447B-8143-ED9C7F93C508} = {EA580066-E2B0-4D16-B97A-F1C97AFB2B9A}
	EndGlobalSection
EndGlobal
